
Microsoft Visual Studio Solution File, Format Version 12.00
# Visual Studio 15
VisualStudioVersion = 15.0.27703.2042
MinimumVisualStudioVersion = 10.0.40219.1
Project("{FAE04EC0-301F-11D3-BF4B-00C04F79EFBC}") = "LinkedList", "LinkedList\LinkedList.csproj", "{43D4EC5C-0BDE-4C1B-A194-170D2FA46D79}"
EndProject
Global
	GlobalSection(SolutionConfigurationPlatforms) = preSolution
		Debug|Any CPU = Debug|Any CPU
		Release|Any CPU = Release|Any CPU
	EndGlobalSection
	GlobalSection(ProjectConfigurationPlatforms) = postSolution
		{43D4EC5C-0BDE-4C1B-A194-170D2FA46D79}.Debug|Any CPU.ActiveCfg = Debug|Any CPU
		{43D4EC5C-0BDE-4C1B-A194-170D2FA46D79}.Debug|Any CPU.Build.0 = Debug|Any CPU
		{43D4EC5C-0BDE-4C1B-A194-170D2FA46D79}.Release|Any CPU.ActiveCfg = Release|Any CPU
		{43D4EC5C-0BDE-4C1B-A194-170D2FA46D79}.Release|Any CPU.Build.0 = Release|Any CPU
	EndGlobalSection
	GlobalSection(SolutionProperties) = preSolution
		HideSolutionNode = FALSE
	EndGlobalSection
	GlobalSection(ExtensibilityGlobals) = postSolution
		SolutionGuid = {563BFAC5-5D95-490F-B7F2-2987997E7314}
	EndGlobalSection
EndGlobal
